
Microsoft Visual Studio Solution File, Format Version 12.00
# Visual Studio Version 17
VisualStudioVersion = 17.6.33723.286
MinimumVisualStudioVersion = 10.0.40219.1
Project("{FAE04EC0-301F-11D3-BF4B-00C04F79EFBC}") = "Gaokao_App", "Gaokao_App.csproj", "{B44EEEF6-2E61-4CB2-8B5F-D8B7A3259D05}"
EndProject
Global
	GlobalSection(SolutionConfigurationPlatforms) = preSolution
		Debug|Any CPU = Debug|Any CPU
		Release|Any CPU = Release|Any CPU
	EndGlobalSection
	GlobalSection(ProjectConfigurationPlatforms) = postSolution
		{B44EEEF6-2E61-4CB2-8B5F-D8B7A3259D05}.Debug|Any CPU.ActiveCfg = Debug|Any CPU
		{B44EEEF6-2E61-4CB2-8B5F-D8B7A3259D05}.Debug|Any CPU.Build.0 = Debug|Any CPU
		{B44EEEF6-2E61-4CB2-8B5F-D8B7A3259D05}.Release|Any CPU.ActiveCfg = Release|Any CPU
		{B44EEEF6-2E61-4CB2-8B5F-D8B7A3259D05}.Release|Any CPU.Build.0 = Release|Any CPU
	EndGlobalSection
	GlobalSection(SolutionProperties) = preSolution
		HideSolutionNode = FALSE
	EndGlobalSection
	GlobalSection(ExtensibilityGlobals) = postSolution
		SolutionGuid = {1A79227E-2708-4F66-B341-FFB3DF325CB2}
	EndGlobalSection
EndGlobal
